{
  "originHash" : "97196e27ebccb967d732c991849825846cf99d6521802e0c9cf7c090e0a009a0",
  "pins" : [
    {
      "identity" : "asynchttp",
      "kind" : "remoteSourceControl",
      "location" : "https://github.com/KamalDGRT/AsyncHTTP",
      "state" : {
        "revision" : "847a890a2eeb1316cdc940998411be9c786a387b",
        "version" : "1.0.0"
      }
    }
  ],
  "version" : 3
}
